
Microsoft Visual Studio Solution File, Format Version 12.00
# Visual Studio 15
VisualStudioVersion = 15.0.28307.1972
MinimumVisualStudioVersion = 10.0.40219.1
Project("{FAE04EC0-301F-11D3-BF4B-00C04F79EFBC}") = "Test", "Test\Test.csproj", "{64EFA798-F0FF-4762-856E-7FEE8C533713}"
EndProject
Global
	GlobalSection(SolutionConfigurationPlatforms) = preSolution
		Debug|Any CPU = Debug|Any CPU
		Release|Any CPU = Release|Any CPU
	EndGlobalSection
	GlobalSection(ProjectConfigurationPlatforms) = postSolution
		{64EFA798-F0FF-4762-856E-7FEE8C533713}.Debug|Any CPU.ActiveCfg = Debug|Any CPU
		{64EFA798-F0FF-4762-856E-7FEE8C533713}.Debug|Any CPU.Build.0 = Debug|Any CPU
		{64EFA798-F0FF-4762-856E-7FEE8C533713}.Release|Any CPU.ActiveCfg = Release|Any CPU
		{64EFA798-F0FF-4762-856E-7FEE8C533713}.Release|Any CPU.Build.0 = Release|Any CPU
	EndGlobalSection
	GlobalSection(SolutionProperties) = preSolution
		HideSolutionNode = FALSE
	EndGlobalSection
	GlobalSection(ExtensibilityGlobals) = postSolution
		SolutionGuid = {44B3887D-88E1-4204-A8DB-532BCBBE0972}
	EndGlobalSection
EndGlobal
